
Microsoft Visual Studio Solution File, Format Version 12.00
# Visual Studio 15
VisualStudioVersion = 15.0.26228.9
MinimumVisualStudioVersion = 10.0.40219.1
Project("{FAE04EC0-301F-11D3-BF4B-00C04F79EFBC}") = "Ap16WebApplication", "Ap16WebApplication\Ap16WebApplication.csproj", "{0F8AB0A6-C301-4B02-9EBA-FBC86B004021}"
EndProject
Project("{FAE04EC0-301F-11D3-BF4B-00C04F79EFBC}") = "DTO", "DTO\DTO.csproj", "{42D94E7B-233A-486A-A8FA-4532D70FF0F9}"
EndProject
Project("{2150E333-8FDC-42A3-9474-1A3956D46DE8}") = "ServiceLayer", "ServiceLayer", "{74ECE6C8-36AD-48E3-915D-9D0F1023F5AE}"
EndProject
Project("{FAE04EC0-301F-11D3-BF4B-00C04F79EFBC}") = "ServiceContract", "ServiceContract\ServiceContract.csproj", "{95A0AA2D-80A4-4C0A-B8C5-46A9C8B67721}"
EndProject
Project("{FAE04EC0-301F-11D3-BF4B-00C04F79EFBC}") = "WebApi", "WebApi\WebApi.csproj", "{420B73FE-93E2-4883-A2FB-1B93F5885A44}"
EndProject
Project("{FAE04EC0-301F-11D3-BF4B-00C04F79EFBC}") = "BLL", "BLL\BLL.csproj", "{3B2D45B3-6CCE-482B-B7E8-B1FF5B200F4E}"
EndProject
Project("{FAE04EC0-301F-11D3-BF4B-00C04F79EFBC}") = "DAL", "DAL\DAL.csproj", "{CA815CA7-E75B-4F0F-AF8B-38A739274E00}"
EndProject
Project("{FAE04EC0-301F-11D3-BF4B-00C04F79EFBC}") = "HttpClientFactory", "HttpClientFactory\HttpClientFactory.csproj", "{AE6D88A4-02E0-4BF9-8C00-01BA6B9E9990}"
EndProject
Project("{FAE04EC0-301F-11D3-BF4B-00C04F79EFBC}") = "SharedLibrary", "SharedLibrary\SharedLibrary.csproj", "{7CD2BDD4-26E0-4499-B100-966D7C48B57F}"
EndProject
Project("{FAE04EC0-301F-11D3-BF4B-00C04F79EFBC}") = "UnitTests", "UnitTests\UnitTests.csproj", "{6FEB2D00-B8C6-49B4-97D7-B76A97256503}"
EndProject
Project("{FAE04EC0-301F-11D3-BF4B-00C04F79EFBC}") = "ADONETHelper", "ADONETHelper\ADONETHelper.csproj", "{2A73A687-3555-44E7-8FAE-BD7DACB77964}"
EndProject
Global
	GlobalSection(SolutionConfigurationPlatforms) = preSolution
		Debug|Any CPU = Debug|Any CPU
		Release|Any CPU = Release|Any CPU
	EndGlobalSection
	GlobalSection(ProjectConfigurationPlatforms) = postSolution
		{0F8AB0A6-C301-4B02-9EBA-FBC86B004021}.Debug|Any CPU.ActiveCfg = Debug|Any CPU
		{0F8AB0A6-C301-4B02-9EBA-FBC86B004021}.Debug|Any CPU.Build.0 = Debug|Any CPU
		{0F8AB0A6-C301-4B02-9EBA-FBC86B004021}.Release|Any CPU.ActiveCfg = Release|Any CPU
		{0F8AB0A6-C301-4B02-9EBA-FBC86B004021}.Release|Any CPU.Build.0 = Release|Any CPU
		{42D94E7B-233A-486A-A8FA-4532D70FF0F9}.Debug|Any CPU.ActiveCfg = Debug|Any CPU
		{42D94E7B-233A-486A-A8FA-4532D70FF0F9}.Debug|Any CPU.Build.0 = Debug|Any CPU
		{42D94E7B-233A-486A-A8FA-4532D70FF0F9}.Release|Any CPU.ActiveCfg = Release|Any CPU
		{42D94E7B-233A-486A-A8FA-4532D70FF0F9}.Release|Any CPU.Build.0 = Release|Any CPU
		{95A0AA2D-80A4-4C0A-B8C5-46A9C8B67721}.Debug|Any CPU.ActiveCfg = Debug|Any CPU
		{95A0AA2D-80A4-4C0A-B8C5-46A9C8B67721}.Debug|Any CPU.Build.0 = Debug|Any CPU
		{95A0AA2D-80A4-4C0A-B8C5-46A9C8B67721}.Release|Any CPU.ActiveCfg = Release|Any CPU
		{95A0AA2D-80A4-4C0A-B8C5-46A9C8B67721}.Release|Any CPU.Build.0 = Release|Any CPU
		{420B73FE-93E2-4883-A2FB-1B93F5885A44}.Debug|Any CPU.ActiveCfg = Debug|Any CPU
		{420B73FE-93E2-4883-A2FB-1B93F5885A44}.Debug|Any CPU.Build.0 = Debug|Any CPU
		{420B73FE-93E2-4883-A2FB-1B93F5885A44}.Release|Any CPU.ActiveCfg = Release|Any CPU
		{420B73FE-93E2-4883-A2FB-1B93F5885A44}.Release|Any CPU.Build.0 = Release|Any CPU
		{3B2D45B3-6CCE-482B-B7E8-B1FF5B200F4E}.Debug|Any CPU.ActiveCfg = Debug|Any CPU
		{3B2D45B3-6CCE-482B-B7E8-B1FF5B200F4E}.Debug|Any CPU.Build.0 = Debug|Any CPU
		{3B2D45B3-6CCE-482B-B7E8-B1FF5B200F4E}.Release|Any CPU.ActiveCfg = Release|Any CPU
		{3B2D45B3-6CCE-482B-B7E8-B1FF5B200F4E}.Release|Any CPU.Build.0 = Release|Any CPU
		{CA815CA7-E75B-4F0F-AF8B-38A739274E00}.Debug|Any CPU.ActiveCfg = Debug|Any CPU
		{CA815CA7-E75B-4F0F-AF8B-38A739274E00}.Debug|Any CPU.Build.0 = Debug|Any CPU
		{CA815CA7-E75B-4F0F-AF8B-38A739274E00}.Release|Any CPU.ActiveCfg = Release|Any CPU
		{CA815CA7-E75B-4F0F-AF8B-38A739274E00}.Release|Any CPU.Build.0 = Release|Any CPU
		{AE6D88A4-02E0-4BF9-8C00-01BA6B9E9990}.Debug|Any CPU.ActiveCfg = Debug|Any CPU
		{AE6D88A4-02E0-4BF9-8C00-01BA6B9E9990}.Debug|Any CPU.Build.0 = Debug|Any CPU
		{AE6D88A4-02E0-4BF9-8C00-01BA6B9E9990}.Release|Any CPU.ActiveCfg = Release|Any CPU
		{AE6D88A4-02E0-4BF9-8C00-01BA6B9E9990}.Release|Any CPU.Build.0 = Release|Any CPU
		{7CD2BDD4-26E0-4499-B100-966D7C48B57F}.Debug|Any CPU.ActiveCfg = Debug|Any CPU
		{7CD2BDD4-26E0-4499-B100-966D7C48B57F}.Debug|Any CPU.Build.0 = Debug|Any CPU
		{7CD2BDD4-26E0-4499-B100-966D7C48B57F}.Release|Any CPU.ActiveCfg = Release|Any CPU
		{7CD2BDD4-26E0-4499-B100-966D7C48B57F}.Release|Any CPU.Build.0 = Release|Any CPU
		{6FEB2D00-B8C6-49B4-97D7-B76A97256503}.Debug|Any CPU.ActiveCfg = Debug|Any CPU
		{6FEB2D00-B8C6-49B4-97D7-B76A97256503}.Debug|Any CPU.Build.0 = Debug|Any CPU
		{6FEB2D00-B8C6-49B4-97D7-B76A97256503}.Release|Any CPU.ActiveCfg = Release|Any CPU
		{6FEB2D00-B8C6-49B4-97D7-B76A97256503}.Release|Any CPU.Build.0 = Release|Any CPU
		{2A73A687-3555-44E7-8FAE-BD7DACB77964}.Debug|Any CPU.ActiveCfg = Debug|Any CPU
		{2A73A687-3555-44E7-8FAE-BD7DACB77964}.Debug|Any CPU.Build.0 = Debug|Any CPU
		{2A73A687-3555-44E7-8FAE-BD7DACB77964}.Release|Any CPU.ActiveCfg = Release|Any CPU
		{2A73A687-3555-44E7-8FAE-BD7DACB77964}.Release|Any CPU.Build.0 = Release|Any CPU
	EndGlobalSection
	GlobalSection(SolutionProperties) = preSolution
		HideSolutionNode = FALSE
	EndGlobalSection
	GlobalSection(NestedProjects) = preSolution
		{95A0AA2D-80A4-4C0A-B8C5-46A9C8B67721} = {74ECE6C8-36AD-48E3-915D-9D0F1023F5AE}
		{420B73FE-93E2-4883-A2FB-1B93F5885A44} = {74ECE6C8-36AD-48E3-915D-9D0F1023F5AE}
		{3B2D45B3-6CCE-482B-B7E8-B1FF5B200F4E} = {74ECE6C8-36AD-48E3-915D-9D0F1023F5AE}
		{CA815CA7-E75B-4F0F-AF8B-38A739274E00} = {74ECE6C8-36AD-48E3-915D-9D0F1023F5AE}
	EndGlobalSection
EndGlobal
